
Microsoft Visual Studio Solution File, Format Version 12.00
# Visual Studio 15
VisualStudioVersion = 15.0.28307.852
MinimumVisualStudioVersion = 10.0.40219.1
Project("{2150E333-8FDC-42A3-9474-1A3956D46DE8}") = "Solution Items", "Solution Items", "{AB8241B7-7AD2-42BF-9EA7-6475C6D69F04}"
	ProjectSection(SolutionItems) = preProject
		LICENSE.txt = LICENSE.txt
		Sara-Data.nuspec = Sara-Data.nuspec
	EndProjectSection
EndProject
Project("{2150E333-8FDC-42A3-9474-1A3956D46DE8}") = ".NET Standard", ".NET Standard", "{7EC5F1CE-3F2F-4D31-8556-C366F94ADE33}"
EndProject
Project("{9A19103F-16F7-4668-BE54-9A1E7A4F7556}") = "Sara.NETStandard.Data", ".NET Standard\Sara.NETStandard.Data\Sara.NETStandard.Data.csproj", "{820F86E2-3E86-40BE-A222-1864BE57C5ED}"
EndProject
Project("{9A19103F-16F7-4668-BE54-9A1E7A4F7556}") = "NuGet Empty", "NuGet Empty\NuGet Empty.csproj", "{BDDE5CBB-8BB0-46F6-B2E6-ACF5B95311C7}"
EndProject
Global
	GlobalSection(SolutionConfigurationPlatforms) = preSolution
		Debug|Any CPU = Debug|Any CPU
		Release|Any CPU = Release|Any CPU
	EndGlobalSection
	GlobalSection(ProjectConfigurationPlatforms) = postSolution
		{820F86E2-3E86-40BE-A222-1864BE57C5ED}.Debug|Any CPU.ActiveCfg = Debug|Any CPU
		{820F86E2-3E86-40BE-A222-1864BE57C5ED}.Debug|Any CPU.Build.0 = Debug|Any CPU
		{820F86E2-3E86-40BE-A222-1864BE57C5ED}.Release|Any CPU.ActiveCfg = Release|Any CPU
		{820F86E2-3E86-40BE-A222-1864BE57C5ED}.Release|Any CPU.Build.0 = Release|Any CPU
		{BDDE5CBB-8BB0-46F6-B2E6-ACF5B95311C7}.Debug|Any CPU.ActiveCfg = Debug|Any CPU
		{BDDE5CBB-8BB0-46F6-B2E6-ACF5B95311C7}.Debug|Any CPU.Build.0 = Debug|Any CPU
		{BDDE5CBB-8BB0-46F6-B2E6-ACF5B95311C7}.Release|Any CPU.ActiveCfg = Release|Any CPU
		{BDDE5CBB-8BB0-46F6-B2E6-ACF5B95311C7}.Release|Any CPU.Build.0 = Release|Any CPU
	EndGlobalSection
	GlobalSection(SolutionProperties) = preSolution
		HideSolutionNode = FALSE
	EndGlobalSection
	GlobalSection(NestedProjects) = preSolution
		{820F86E2-3E86-40BE-A222-1864BE57C5ED} = {7EC5F1CE-3F2F-4D31-8556-C366F94ADE33}
	EndGlobalSection
	GlobalSection(ExtensibilityGlobals) = postSolution
		SolutionGuid = {676FBD67-2EB1-49A3-96B6-E0643469930F}
	EndGlobalSection
EndGlobal
