
Microsoft Visual Studio Solution File, Format Version 12.00
# Visual Studio 15
VisualStudioVersion = 15.0.28307.852
MinimumVisualStudioVersion = 10.0.40219.1
Project("{2150E333-8FDC-42A3-9474-1A3956D46DE8}") = "Solution Items", "Solution Items", "{AB8241B7-7AD2-42BF-9EA7-6475C6D69F04}"
	ProjectSection(SolutionItems) = preProject
		LICENSE.txt = LICENSE.txt
		Sara-Data.nuspec = Sara-Data.nuspec
	EndProjectSection
EndProject
Project("{2150E333-8FDC-42A3-9474-1A3956D46DE8}") = ".NET Standard", ".NET Standard", "{7EC5F1CE-3F2F-4D31-8556-C366F94ADE33}"
EndProject
Project("{9A19103F-16F7-4668-BE54-9A1E7A4F7556}") = "Sara.Data", "Sara.Data\Sara.Data.csproj", "{8A3E581A-2871-4DC0-B46F-578896E6BE59}"
EndProject
Project("{9A19103F-16F7-4668-BE54-9A1E7A4F7556}") = "Sara-Data.NuGet", "Sara-Data.NuGet\Sara-Data.NuGet.csproj", "{F5B393C8-C0DC-4A98-ADE2-DF5D93B15F24}"
EndProject
Global
	GlobalSection(SolutionConfigurationPlatforms) = preSolution
		Debug|Any CPU = Debug|Any CPU
		Release|Any CPU = Release|Any CPU
	EndGlobalSection
	GlobalSection(ProjectConfigurationPlatforms) = postSolution
		{8A3E581A-2871-4DC0-B46F-578896E6BE59}.Debug|Any CPU.ActiveCfg = Debug|Any CPU
		{8A3E581A-2871-4DC0-B46F-578896E6BE59}.Debug|Any CPU.Build.0 = Debug|Any CPU
		{8A3E581A-2871-4DC0-B46F-578896E6BE59}.Release|Any CPU.ActiveCfg = Release|Any CPU
		{8A3E581A-2871-4DC0-B46F-578896E6BE59}.Release|Any CPU.Build.0 = Release|Any CPU
		{F5B393C8-C0DC-4A98-ADE2-DF5D93B15F24}.Debug|Any CPU.ActiveCfg = Debug|Any CPU
		{F5B393C8-C0DC-4A98-ADE2-DF5D93B15F24}.Debug|Any CPU.Build.0 = Debug|Any CPU
		{F5B393C8-C0DC-4A98-ADE2-DF5D93B15F24}.Release|Any CPU.ActiveCfg = Release|Any CPU
		{F5B393C8-C0DC-4A98-ADE2-DF5D93B15F24}.Release|Any CPU.Build.0 = Release|Any CPU
	EndGlobalSection
	GlobalSection(SolutionProperties) = preSolution
		HideSolutionNode = FALSE
	EndGlobalSection
	GlobalSection(NestedProjects) = preSolution
		{8A3E581A-2871-4DC0-B46F-578896E6BE59} = {7EC5F1CE-3F2F-4D31-8556-C366F94ADE33}
	EndGlobalSection
	GlobalSection(ExtensibilityGlobals) = postSolution
		SolutionGuid = {676FBD67-2EB1-49A3-96B6-E0643469930F}
	EndGlobalSection
EndGlobal
